
Microsoft Visual Studio Solution File, Format Version 12.00
# Visual Studio Version 16
VisualStudioVersion = 16.0.30330.147
MinimumVisualStudioVersion = 10.0.40219.1
Project("{FAE04EC0-301F-11D3-BF4B-00C04F79EFBC}") = "Dental Payment System", "Dental Payment System\Dental Payment System.csproj", "{7F16AF29-8813-4361-B120-3E512E3D0AE0}"
EndProject
Global
	GlobalSection(SolutionConfigurationPlatforms) = preSolution
		Debug|Any CPU = Debug|Any CPU
		Release|Any CPU = Release|Any CPU
	EndGlobalSection
	GlobalSection(ProjectConfigurationPlatforms) = postSolution
		{7F16AF29-8813-4361-B120-3E512E3D0AE0}.Debug|Any CPU.ActiveCfg = Debug|Any CPU
		{7F16AF29-8813-4361-B120-3E512E3D0AE0}.Debug|Any CPU.Build.0 = Debug|Any CPU
		{7F16AF29-8813-4361-B120-3E512E3D0AE0}.Release|Any CPU.ActiveCfg = Release|Any CPU
		{7F16AF29-8813-4361-B120-3E512E3D0AE0}.Release|Any CPU.Build.0 = Release|Any CPU
	EndGlobalSection
	GlobalSection(SolutionProperties) = preSolution
		HideSolutionNode = FALSE
	EndGlobalSection
	GlobalSection(ExtensibilityGlobals) = postSolution
		SolutionGuid = {FA2260E6-9733-47ED-9DA2-A2A4983DCB8C}
	EndGlobalSection
EndGlobal
